hash: 669d36dccd04710d8edb0048927dbd8d9e16456c0685002e1bf529244fd61d1e
updated: 2016-09-08T15:51:24.909931441-05:00
imports:
- name: code.cloudfoundry.org/cli
  version: 4d39ca612e47222f17bebbbe25a0e38316949909
  subpackages:
  - plugin/models
- name: github.com/cloudfoundry/cli
  version: 4d39ca612e47222f17bebbbe25a0e38316949909
  subpackages:
  - plugin
- name: github.com/dave-malone/cfclient
  version: 91bb4d9dbc3d8f604c76179285d14e28b3c372b7
- name: github.com/dave-malone/go-uaac
  version: 37bfd46e5e1d71e377df7d02fa5b89b72b84fd94
  subpackages:
  - users
- name: github.com/golang/protobuf
  version: 874264fbbb43f4d91e999fecb4b40143ed611400
  repo: https://github.com/golang/protobuf
  subpackages:
  - proto
  - ptypes/any
- name: github.com/kelseyhightower/envconfig
  version: 1e291572dcb9ba673cdcdb15e0f422702415ebaf
- name: github.com/pivotalservices/go-uaac
  version: 37bfd46e5e1d71e377df7d02fa5b89b72b84fd94
  subpackages:
  - users
- name: golang.org/x/net
  version: 3797cd8864994d713d909eda5e61ede8683fdc12
  repo: https://go.googlesource.com/net
  subpackages:
  - websocket
  - context
- name: golang.org/x/oauth2
  version: 3c3a985cb79f52a3190fbc056984415ca6763d01
  subpackages:
  - clientcredentials
  - internal
- name: google.golang.org/appengine
  version: 4f7eeb5305a4ba1966344836ba4af9996b7b4e05
  subpackages:
  - urlfetch
  - internal
  - internal/urlfetch
  - internal/base
  - internal/datastore
  - internal/log
  - internal/remote_api
devImports: []
